
Microsoft Visual Studio Solution File, Format Version 12.00
# Visual Studio 15
VisualStudioVersion = 15.0.28010.2026
MinimumVisualStudioVersion = 10.0.40219.1
Project("{FAE04EC0-301F-11D3-BF4B-00C04F79EFBC}") = "NoteDebrisRedux", "NoteDebrisRedux\NoteDebrisRedux.csproj", "{6C34714B-3981-493B-BCC3-D782BF4A7DE1}"
EndProject
Global
	GlobalSection(SolutionConfigurationPlatforms) = preSolution
		Debug|Any CPU = Debug|Any CPU
		Release|Any CPU = Release|Any CPU
	EndGlobalSection
	GlobalSection(ProjectConfigurationPlatforms) = postSolution
		{6C34714B-3981-493B-BCC3-D782BF4A7DE1}.Debug|Any CPU.ActiveCfg = Debug|Any CPU
		{6C34714B-3981-493B-BCC3-D782BF4A7DE1}.Debug|Any CPU.Build.0 = Debug|Any CPU
		{6C34714B-3981-493B-BCC3-D782BF4A7DE1}.Release|Any CPU.ActiveCfg = Release|Any CPU
		{6C34714B-3981-493B-BCC3-D782BF4A7DE1}.Release|Any CPU.Build.0 = Release|Any CPU
	EndGlobalSection
	GlobalSection(SolutionProperties) = preSolution
		HideSolutionNode = FALSE
	EndGlobalSection
	GlobalSection(ExtensibilityGlobals) = postSolution
		SolutionGuid = {8666DD19-154F-4044-B346-2F6C12D18AE7}
	EndGlobalSection
EndGlobal
